// !$*UTF8*$!
{
	archiveVersion = 1;
	classes = {
	};
	objectVersion = 50;
	objects = {

/* Begin PBXBuildFile section */
		DB65F1D820DB962300C67DE2 /* AppDelegate.swift in Sources */ = {isa = PBXBuildFile; fileRef = DB65F1D720DB962300C67DE2 /* AppDelegate.swift */; };
		DB65F1DA20DB962300C67DE2 /* ViewController.swift in Sources */ = {isa = PBXBuildFile; fileRef = DB65F1D920DB962300C67DE2 /* ViewController.swift */; };
		DB65F1DD20DB962300C67DE2 /* Main.storyboard in Resources */ = {isa = PBXBuildFile; fileRef = DB65F1DB20DB962300C67DE2 /* Main.storyboard */; };
		DB65F1DF20DB962500C67DE2 /* Assets.xcassets in Resources */ = {isa = PBXBuildFile; fileRef = DB65F1DE20DB962500C67DE2 /* Assets.xcassets */; };
		DB65F1E220DB962500C67DE2 /* LaunchScreen.storyboard in Resources */ = {isa = PBXBuildFile; fileRef = DB65F1E020DB962500C67DE2 /* LaunchScreen.storyboard */; };
		DB65F1EC20DB994300C67DE2 /* LocationTextField.swift in Sources */ = {isa = PBXBuildFile; fileRef = DB65F1EB20DB994300C67DE2 /* LocationTextField.swift */; };
/* End PBXBuildFile section */

/* Begin PBXFileReference section */
		DB65F1D420DB962300C67DE2 /* Route66.app */ = {isa = PBXFileReference; explicitFileType = wrapper.application; includeInIndex = 0; path = Route66.app; sourceTree = BUILT_PRODUCTS_DIR; };
		DB65F1D720DB962300C67DE2 /* AppDelegate.swift */ = {isa = PBXFileReference; lastKnownFileType = sourcecode.swift; path = AppDelegate.swift; sourceTree = "<group>"; };
		DB65F1D920DB962300C67DE2 /* ViewController.swift */ = {isa = PBXFileReference; lastKnownFileType = sourcecode.swift; path = ViewController.swift; sourceTree = "<group>"; };
		DB65F1DC20DB962300C67DE2 /* Base */ = {isa = PBXFileReference; lastKnownFileType = file.storyboard; name = Base; path = Base.lproj/Main.storyboard; sourceTree = "<group>"; };
		DB65F1DE20DB962500C67DE2 /* Assets.xcassets */ = {isa = PBXFileReference; lastKnownFileType = folder.assetcatalog; path = Assets.xcassets; sourceTree = "<group>"; };
		DB65F1E120DB962500C67DE2 /* Base */ = {isa = PBXFileReference; lastKnownFileType = file.storyboard; name = Base; path = Base.lproj/LaunchScreen.storyboard; sourceTree = "<group>"; };
		DB65F1E320DB962500C67DE2 /* Info.plist */ = {isa = PBXFileReference; lastKnownFileType = text.plist.xml; path = Info.plist; sourceTree = "<group>"; };
		DB65F1EB20DB994300C67DE2 /* LocationTextField.swift */ = {isa = PBXFileReference; lastKnownFileType = sourcecode.swift; path = LocationTextField.swift; sourceTree = "<group>"; };
		DBF95AE120DBE3A5008182C6 /* Route66.entitlements */ = {isa = PBXFileReference; lastKnownFileType = text.plist.entitlements; path = Route66.entitlements; sourceTree = "<group>"; };
/* End PBXFileReference section */

/* Begin PBXFrameworksBuildPhase section */
		DB65F1D120DB962300C67DE2 /* Frameworks */ = {
			isa = PBXFrameworksBuildPhase;
			buildActionMask = 2147483647;
			files = (
			);
			runOnlyForDeploymentPostprocessing = 0;
		};
/* End PBXFrameworksBuildPhase section */

/* Begin PBXGroup section */
		DB65F1CB20DB962300C67DE2 = {
			isa = PBXGroup;
			children = (
				DB65F1D620DB962300C67DE2 /* Route66 */,
				DB65F1D520DB962300C67DE2 /* Products */,
			);
			sourceTree = "<group>";
		};
		DB65F1D520DB962300C67DE2 /* Products */ = {
			isa = PBXGroup;
			children = (
				DB65F1D420DB962300C67DE2 /* Route66.app */,
			);
			name = Products;
			sourceTree = "<group>";
		};
		DB65F1D620DB962300C67DE2 /* Route66 */ = {
			isa = PBXGroup;
			children = (
				DBF95AE120DBE3A5008182C6 /* Route66.entitlements */,
				DBF95ADF20DB9C54008182C6 /* Sources */,
				DBF95AE020DB9C60008182C6 /* Resources */,
			);
			path = Route66;
			sourceTree = "<group>";
		};
		DBF95ADF20DB9C54008182C6 /* Sources */ = {
			isa = PBXGroup;
			children = (
				DB65F1D720DB962300C67DE2 /* AppDelegate.swift */,
				DB65F1D920DB962300C67DE2 /* ViewController.swift */,
				DB65F1EB20DB994300C67DE2 /* LocationTextField.swift */,
			);
			name = Sources;
			sourceTree = "<group>";
		};
		DBF95AE020DB9C60008182C6 /* Resources */ = {
			isa = PBXGroup;
			children = (
				DB65F1DB20DB962300C67DE2 /* Main.storyboard */,
				DB65F1E020DB962500C67DE2 /* LaunchScreen.storyboard */,
				DB65F1DE20DB962500C67DE2 /* Assets.xcassets */,
				DB65F1E320DB962500C67DE2 /* Info.plist */,
			);
			name = Resources;
			sourceTree = "<group>";
		};
/* End PBXGroup section */

/* Begin PBXNativeTarget section */
		DB65F1D320DB962300C67DE2 /* Route66 */ = {
			isa = PBXNativeTarget;
			buildConfigurationList = DB65F1E620DB962500C67DE2 /* Build configuration list for PBXNativeTarget "Route66" */;
			buildPhases = (
				DB65F1D020DB962300C67DE2 /* Sources */,
				DB65F1D120DB962300C67DE2 /* Frameworks */,
				DB65F1D220DB962300C67DE2 /* Resources */,
			);
			buildRules = (
			);
			dependencies = (
			);
			name = Route66;
			productName = Route66;
			productReference = DB65F1D420DB962300C67DE2 /* Route66.app */;
			productType = "com.apple.product-type.application";
		};
/* End PBXNativeTarget section */

/* Begin PBXProject section */
		DB65F1CC20DB962300C67DE2 /* Project object */ = {
			isa = PBXProject;
			attributes = {
				LastSwiftUpdateCheck = 1000;
				LastUpgradeCheck = 1000;
				ORGANIZATIONNAME = "Hans Knöchel";
				TargetAttributes = {
					DB65F1D320DB962300C67DE2 = {
						CreatedOnToolsVersion = 10.0;
						SystemCapabilities = {
							com.apple.AccessWiFi = {
								enabled = 0;
							};
						};
					};
				};
			};
			buildConfigurationList = DB65F1CF20DB962300C67DE2 /* Build configuration list for PBXProject "Route66" */;
			compatibilityVersion = "Xcode 9.3";
			developmentRegion = en;
			hasScannedForEncodings = 0;
			knownRegions = (
				en,
				Base,
			);
			mainGroup = DB65F1CB20DB962300C67DE2;
			productRefGroup = DB65F1D520DB962300C67DE2 /* Products */;
			projectDirPath = "";
			projectRoot = "";
			targets = (
				DB65F1D320DB962300C67DE2 /* Route66 */,
			);
		};
/* End PBXProject section */

/* Begin PBXResourcesBuildPhase section */
		DB65F1D220DB962300C67DE2 /* Resources */ = {
			isa = PBXResourcesBuildPhase;
			buildActionMask = 2147483647;
			files = (
				DB65F1E220DB962500C67DE2 /* LaunchScreen.storyboard in Resources */,
				DB65F1DF20DB962500C67DE2 /* Assets.xcassets in Resources */,
				DB65F1DD20DB962300C67DE2 /* Main.storyboard in Resources */,
			);
			runOnlyForDeploymentPostprocessing = 0;
		};
/* End PBXResourcesBuildPhase section */

/* Begin PBXSourcesBuildPhase section */
		DB65F1D020DB962300C67DE2 /* Sources */ = {
			isa = PBXSourcesBuildPhase;
			buildActionMask = 2147483647;
			files = (
				DB65F1EC20DB994300C67DE2 /* LocationTextField.swift in Sources */,
				DB65F1DA20DB962300C67DE2 /* ViewController.swift in Sources */,
				DB65F1D820DB962300C67DE2 /* AppDelegate.swift in Sources */,
			);
			runOnlyForDeploymentPostprocessing = 0;
		};
/* End PBXSourcesBuildPhase section */

/* Begin PBXVariantGroup section */
		DB65F1DB20DB962300C67DE2 /* Main.storyboard */ = {
			isa = PBXVariantGroup;
			children = (
				DB65F1DC20DB962300C67DE2 /* Base */,
			);
			name = Main.storyboard;
			sourceTree = "<group>";
		};
		DB65F1E020DB962500C67DE2 /* LaunchScreen.storyboard */ = {
			isa = PBXVariantGroup;
			children = (
				DB65F1E120DB962500C67DE2 /* Base */,
			);
			name = LaunchScreen.storyboard;
			sourceTree = "<group>";
		};
/* End PBXVariantGroup section */

/* Begin XCBuildConfiguration section */
		DB65F1E420DB962500C67DE2 /* Debug */ = {
			isa = XCBuildConfiguration;
			buildSettings = {
				ALWAYS_SEARCH_USER_PATHS = NO;
				CLANG_ANALYZER_NONNULL = YES;
				CLANG_ANALYZER_NUMBER_OBJECT_CONVERSION = YES_AGGRESSIVE;
				CLANG_CXX_LANGUAGE_STANDARD = "gnu++14";
				CLANG_CXX_LIBRARY = "libc++";
				CLANG_ENABLE_MODULES = YES;
				CLANG_ENABLE_OBJC_ARC = YES;
				CLANG_ENABLE_OBJC_WEAK = YES;
				CLANG_WARN_BLOCK_CAPTURE_AUTORELEASING = YES;
				CLANG_WARN_BOOL_CONVERSION = YES;
				CLANG_WARN_COMMA = YES;
				CLANG_WARN_CONSTANT_CONVERSION = YES;
				CLANG_WARN_DEPRECATED_OBJC_IMPLEMENTATIONS = YES;
				CLANG_WARN_DIRECT_OBJC_ISA_USAGE = YES_ERROR;
				CLANG_WARN_DOCUMENTATION_COMMENTS = YES;
				CLANG_WARN_EMPTY_BODY = YES;
				CLANG_WARN_ENUM_CONVERSION = YES;
				CLANG_WARN_INFINITE_RECURSION = YES;
				CLANG_WARN_INT_CONVERSION = YES;
				CLANG_WARN_NON_LITERAL_NULL_CONVERSION = YES;
				CLANG_WARN_OBJC_IMPLICIT_RETAIN_SELF = YES;
				CLANG_WARN_OBJC_LITERAL_CONVERSION = YES;
				CLANG_WARN_OBJC_ROOT_CLASS = YES_ERROR;
				CLANG_WARN_RANGE_LOOP_ANALYSIS = YES;
				CLANG_WARN_STRICT_PROTOTYPES = YES;
				CLANG_WARN_SUSPICIOUS_MOVE = YES;
				CLANG_WARN_UNGUARDED_AVAILABILITY = YES_AGGRESSIVE;
				CLANG_WARN_UNREACHABLE_CODE = YES;
				CLANG_WARN__DUPLICATE_METHOD_MATCH = YES;
				CODE_SIGN_IDENTITY = "iPhone Developer";
				COPY_PHASE_STRIP = NO;
				DEBUG_INFORMATION_FORMAT = dwarf;
				ENABLE_STRICT_OBJC_MSGSEND = YES;
				ENABLE_TESTABILITY = YES;
				GCC_C_LANGUAGE_STANDARD = gnu11;
				GCC_DYNAMIC_NO_PIC = NO;
				GCC_NO_COMMON_BLOCKS = YES;
				GCC_OPTIMIZATION_LEVEL = 0;
				GCC_PREPROCESSOR_DEFINITIONS = (
					"DEBUG=1",
					"$(inherited)",
				);
				GCC_WARN_64_TO_32_BIT_CONVERSION = YES;
				GCC_WARN_ABOUT_RETURN_TYPE = YES_ERROR;
				GCC_WARN_UNDECLARED_SELECTOR = YES;
				GCC_WARN_UNINITIALIZED_AUTOS = YES_AGGRESSIVE;
				GCC_WARN_UNUSED_FUNCTION = YES;
				GCC_WARN_UNUSED_VARIABLE = YES;
				IPHONEOS_DEPLOYMENT_TARGET = 12.0;
				MTL_ENABLE_DEBUG_INFO = INCLUDE_SOURCE;
				ONLY_ACTIVE_ARCH = YES;
				SDKROOT = iphoneos;
				SWIFT_ACTIVE_COMPILATION_CONDITIONS = DEBUG;
				SWIFT_OPTIMIZATION_LEVEL = "-Onone";
			};
			name = Debug;
		};
		DB65F1E520DB962500C67DE2 /* Release */ = {
			isa = XCBuildConfiguration;
			buildSettings = {
				ALWAYS_SEARCH_USER_PATHS = NO;
				CLANG_ANALYZER_NONNULL = YES;
				CLANG_ANALYZER_NUMBER_OBJECT_CONVERSION = YES_AGGRESSIVE;
				CLANG_CXX_LANGUAGE_STANDARD = "gnu++14";
				CLANG_CXX_LIBRARY = "libc++";
				CLANG_ENABLE_MODULES = YES;
				CLANG_ENABLE_OBJC_ARC = YES;
				CLANG_ENABLE_OBJC_WEAK = YES;
				CLANG_WARN_BLOCK_CAPTURE_AUTORELEASING = YES;
				CLANG_WARN_BOOL_CONVERSION = YES;
				CLANG_WARN_COMMA = YES;
				CLANG_WARN_CONSTANT_CONVERSION = YES;
				CLANG_WARN_DEPRECATED_OBJC_IMPLEMENTATIONS = YES;
				CLANG_WARN_DIRECT_OBJC_ISA_USAGE = YES_ERROR;
				CLANG_WARN_DOCUMENTATION_COMMENTS = YES;
				CLANG_WARN_EMPTY_BODY = YES;
				CLANG_WARN_ENUM_CONVERSION = YES;
				CLANG_WARN_INFINITE_RECURSION = YES;
				CLANG_WARN_INT_CONVERSION = YES;
				CLANG_WARN_NON_LITERAL_NULL_CONVERSION = YES;
				CLANG_WARN_OBJC_IMPLICIT_RETAIN_SELF = YES;
				CLANG_WARN_OBJC_LITERAL_CONVERSION = YES;
				CLANG_WARN_OBJC_ROOT_CLASS = YES_ERROR;
				CLANG_WARN_RANGE_LOOP_ANALYSIS = YES;
				CLANG_WARN_STRICT_PROTOTYPES = YES;
				CLANG_WARN_SUSPICIOUS_MOVE = YES;
				CLANG_WARN_UNGUARDED_AVAILABILITY = YES_AGGRESSIVE;
				CLANG_WARN_UNREACHABLE_CODE = YES;
				CLANG_WARN__DUPLICATE_METHOD_MATCH = YES;
				CODE_SIGN_IDENTITY = "iPhone Developer";
				COPY_PHASE_STRIP = NO;
				DEBUG_INFORMATION_FORMAT = "dwarf-with-dsym";
				ENABLE_NS_ASSERTIONS = NO;
				ENABLE_STRICT_OBJC_MSGSEND = YES;
				GCC_C_LANGUAGE_STANDARD = gnu11;
				GCC_NO_COMMON_BLOCKS = YES;
				GCC_WARN_64_TO_32_BIT_CONVERSION = YES;
				GCC_WARN_ABOUT_RETURN_TYPE = YES_ERROR;
				GCC_WARN_UNDECLARED_SELECTOR = YES;
				GCC_WARN_UNINITIALIZED_AUTOS = YES_AGGRESSIVE;
				GCC_WARN_UNUSED_FUNCTION = YES;
				GCC_WARN_UNUSED_VARIABLE = YES;
				IPHONEOS_DEPLOYMENT_TARGET = 12.0;
				MTL_ENABLE_DEBUG_INFO = NO;
				SDKROOT = iphoneos;
				SWIFT_COMPILATION_MODE = wholemodule;
				SWIFT_OPTIMIZATION_LEVEL = "-O";
				VALIDATE_PRODUCT = YES;
			};
			name = Release;
		};
		DB65F1E720DB962500C67DE2 /* Debug */ = {
			isa = XCBuildConfiguration;
			buildSettings = {
				ASSETCATALOG_COMPILER_APPICON_NAME = AppIcon;
				CODE_SIGN_ENTITLEMENTS = Route66/Route66.entitlements;
				CODE_SIGN_STYLE = Automatic;
				DEVELOPMENT_TEAM = 6K4KHD4NQF;
				INFOPLIST_FILE = Route66/Info.plist;
				LD_RUNPATH_SEARCH_PATHS = (
					"$(inherited)",
					"@executable_path/Frameworks",
				);
				PRODUCT_BUNDLE_IDENTIFIER = de.hansknoechel.Route66;
				PRODUCT_NAME = "$(TARGET_NAME)";
				SWIFT_VERSION = 4.2;
				TARGETED_DEVICE_FAMILY = "1,2";
			};
			name = Debug;
		};
		DB65F1E820DB962500C67DE2 /* Release */ = {
			isa = XCBuildConfiguration;
			buildSettings = {
				ASSETCATALOG_COMPILER_APPICON_NAME = AppIcon;
				CODE_SIGN_ENTITLEMENTS = Route66/Route66.entitlements;
				CODE_SIGN_STYLE = Automatic;
				DEVELOPMENT_TEAM = 6K4KHD4NQF;
				INFOPLIST_FILE = Route66/Info.plist;
				LD_RUNPATH_SEARCH_PATHS = (
					"$(inherited)",
					"@executable_path/Frameworks",
				);
				PRODUCT_BUNDLE_IDENTIFIER = de.hansknoechel.Route66;
				PRODUCT_NAME = "$(TARGET_NAME)";
				SWIFT_VERSION = 4.2;
				TARGETED_DEVICE_FAMILY = "1,2";
			};
			name = Release;
		};
/* End XCBuildConfiguration section */

/* Begin XCConfigurationList section */
		DB65F1CF20DB962300C67DE2 /* Build configuration list for PBXProject "Route66" */ = {
			isa = XCConfigurationList;
			buildConfigurations = (
				DB65F1E420DB962500C67DE2 /* Debug */,
				DB65F1E520DB962500C67DE2 /* Release */,
			);
			defaultConfigurationIsVisible = 0;
			defaultConfigurationName = Release;
		};
		DB65F1E620DB962500C67DE2 /* Build configuration list for PBXNativeTarget "Route66" */ = {
			isa = XCConfigurationList;
			buildConfigurations = (
				DB65F1E720DB962500C67DE2 /* Debug */,
				DB65F1E820DB962500C67DE2 /* Release */,
			);
			defaultConfigurationIsVisible = 0;
			defaultConfigurationName = Release;
		};
/* End XCConfigurationList section */
	};
	rootObject = DB65F1CC20DB962300C67DE2 /* Project object */;
}
